
Microsoft Visual Studio Solution File, Format Version 12.00
# Visual Studio Version 17
VisualStudioVersion = 17.12.35521.163
MinimumVisualStudioVersion = 10.0.40219.1
Project("{8BC9CEB8-8B4A-11D0-8D11-00A0C91BC942}") = "C_SharpCodingExercises", "C_SharpCodingExercises.vcxproj", "{37C59AC4-0AEA-42E9-B48C-84A97AEC11DB}"
EndProject
Project("{FAE04EC0-301F-11D3-BF4B-00C04F79EFBC}") = "AdvancedDictionaryOperation", "AdvancedDictionaryOperation\AdvancedDictionaryOperation.csproj", "{956EF645-AE51-47D8-B610-D4378EE21612}"
EndProject
Project("{FAE04EC0-301F-11D3-BF4B-00C04F79EFBC}") = "AnyMethod", "AnyMethod\AnyMethod.csproj", "{02ADAEFE-7FA3-4B60-A9F1-D347883CDA16}"
EndProject
Project("{FAE04EC0-301F-11D3-BF4B-00C04F79EFBC}") = "ArrayProgram", "ArrayProgram\ArrayProgram.csproj", "{39202BD0-5DCD-41B8-9C05-D5BB47627A67}"
EndProject
Project("{FAE04EC0-301F-11D3-BF4B-00C04F79EFBC}") = "AverageTemperature", "AverageTemperature\AverageTemperature.csproj", "{729AAE9B-455B-42FF-95DC-A45E14010340}"
EndProject
Project("{FAE04EC0-301F-11D3-BF4B-00C04F79EFBC}") = "Simple _Calculator", "Calculator\Simple _Calculator.csproj", "{2EBD9FA6-590E-43B8-A492-3D2D384EDD6A}"
EndProject
Project("{FAE04EC0-301F-11D3-BF4B-00C04F79EFBC}") = "CatsAndFood", "CatsAndFood\CatsAndFood.csproj", "{03292E5D-40EC-4553-AB22-27A3AADC0025}"
EndProject
Project("{FAE04EC0-301F-11D3-BF4B-00C04F79EFBC}") = "ConditionalStatements", "ConditionalStatements\ConditionalStatements.csproj", "{93FEACFC-0F0D-46ED-9E34-B008F070A79E}"
EndProject
Project("{FAE04EC0-301F-11D3-BF4B-00C04F79EFBC}") = "ConstructorInheritance", "ConstructorInheritance\ConstructorInheritance.csproj", "{0EDC5A1B-AD11-4CCA-81BF-3F8CA572374D}"
EndProject
Project("{FAE04EC0-301F-11D3-BF4B-00C04F79EFBC}") = "DependencyInjector", "DependencyInjector\DependencyInjector.csproj", "{F12FF759-C13F-4A9F-A101-41F7DE45CE6B}"
EndProject
Project("{FAE04EC0-301F-11D3-BF4B-00C04F79EFBC}") = "DictionaryUse", "DictionaryUse\DictionaryUse.csproj", "{AFE7C249-4BF5-4E0D-899A-D4BB5E554AEB}"
EndProject
Project("{FAE04EC0-301F-11D3-BF4B-00C04F79EFBC}") = "EscapeSequences", "EscapeSequences\EscapeSequences.csproj", "{A1D4988B-0332-4AE8-B72A-C7BCFA7C2DF8}"
EndProject
Project("{FAE04EC0-301F-11D3-BF4B-00C04F79EFBC}") = "FinallyKeyword", "FinallyKeyword\FinallyKeyword.csproj", "{04CB935D-26C3-4F45-9C42-17C629B1DF2B}"
EndProject
Project("{FAE04EC0-301F-11D3-BF4B-00C04F79EFBC}") = "FixingSimpleBugs", "FixingSimpleBugs\FixingSimpleBugs.csproj", "{BD2326A7-4E99-4DCC-9B54-DA5427989ABF}"
EndProject
Project("{FAE04EC0-301F-11D3-BF4B-00C04F79EFBC}") = "HandlingExceptions", "HandlingExceptions\HandlingExceptions.csproj", "{16757632-8E0D-4A8F-924D-30B7204C2D5D}"
EndProject
Project("{FAE04EC0-301F-11D3-BF4B-00C04F79EFBC}") = "Inheritance", "Inheritance\Inheritance.csproj", "{E920902F-C7DB-4292-A4F5-3B6432E20735}"
EndProject
Project("{FAE04EC0-301F-11D3-BF4B-00C04F79EFBC}") = "Interface", "Interface\Interface.csproj", "{A8D694E6-8BC0-41FA-90A5-076F67142E14}"
EndProject
Project("{FAE04EC0-301F-11D3-BF4B-00C04F79EFBC}") = "ListInitialization", "ListInitialization\ListInitialization.csproj", "{026A7842-AC12-4D17-AF27-8F38396D8CC9}"
EndProject
Project("{FAE04EC0-301F-11D3-BF4B-00C04F79EFBC}") = "MethodOverriding", "MethodOverriding\MethodOverriding.csproj", "{D1C0A948-B5FA-4893-B738-16EB581852D0}"
EndProject
Project("{FAE04EC0-301F-11D3-BF4B-00C04F79EFBC}") = "PolymorphismInterFaces", "PolymorphismInterFaces\PolymorphismInterFaces.csproj", "{1B64C874-ED49-4F11-A91A-69A85E73C04A}"
EndProject
Project("{FAE04EC0-301F-11D3-BF4B-00C04F79EFBC}") = "PolymorphismWithInterfaces", "PolymorphismWithInterfaces\PolymorphismWithInterfaces.csproj", "{21C1D734-815F-42F2-8130-64C4E792545D}"
EndProject
Project("{FAE04EC0-301F-11D3-BF4B-00C04F79EFBC}") = "PropertiesAndMethods", "PropertiesAndMethods\PropertiesAndMethods.csproj", "{CC600A26-4C93-404E-A494-1583E3AAD2E0}"
EndProject
Project("{FAE04EC0-301F-11D3-BF4B-00C04F79EFBC}") = "RegularExpressions", "RegularExpressions\RegularExpressions.csproj", "{D8F9080A-FA1A-4310-B931-AE2F6C243010}"
EndProject
Project("{FAE04EC0-301F-11D3-BF4B-00C04F79EFBC}") = "StaticMethod", "StaticMethod\StaticMethod.csproj", "{F80C7435-062B-452B-9D2F-9FF88D84D494}"
EndProject
Project("{FAE04EC0-301F-11D3-BF4B-00C04F79EFBC}") = "Structs", "Structs\Structs.csproj", "{CD6598D6-1822-4E99-A788-C4A95F54641F}"
EndProject
Project("{FAE04EC0-301F-11D3-BF4B-00C04F79EFBC}") = "SumOfTwo", "SumOfTwo\SumOfTwo.csproj", "{47AE6B8B-86F5-447A-ACD8-FFAC495998A8}"
EndProject
Project("{FAE04EC0-301F-11D3-BF4B-00C04F79EFBC}") = "SwitchStatements", "SwitchStatements\SwitchStatements.csproj", "{E84EDDE5-8C50-4D45-BD00-6F285B7B33E2}"
EndProject
Project("{FAE04EC0-301F-11D3-BF4B-00C04F79EFBC}") = "TwoDimensionalArray", "TwoDimensionalArray\TwoDimensionalArray.csproj", "{F93440C2-9A53-4620-A6F7-95742B98C7DF}"
EndProject
Project("{FAE04EC0-301F-11D3-BF4B-00C04F79EFBC}") = "VariableIntro", "VariableIntro\VariableIntro.csproj", "{2E829FFC-BADB-4680-A15A-CC49B9645396}"
EndProject
Project("{FAE04EC0-301F-11D3-BF4B-00C04F79EFBC}") = "WorkingWithReadOnlyProperties", "WorkingWithReadOnlyProperties\WorkingWithReadOnlyProperties.csproj", "{89E88F03-807A-4823-990C-8E9793218A6B}"
EndProject
Project("{FAE04EC0-301F-11D3-BF4B-00C04F79EFBC}") = "EventsDelegates", "EventsDelegates\EventsDelegates.csproj", "{03618FCA-99D8-46D7-9555-2599E225C041}"
EndProject
Global
	GlobalSection(SolutionConfigurationPlatforms) = preSolution
		Debug|Any CPU = Debug|Any CPU
		Debug|x64 = Debug|x64
		Debug|x86 = Debug|x86
		Release|Any CPU = Release|Any CPU
		Release|x64 = Release|x64
		Release|x86 = Release|x86
	EndGlobalSection
	GlobalSection(ProjectConfigurationPlatforms) = postSolution
		{37C59AC4-0AEA-42E9-B48C-84A97AEC11DB}.Debug|Any CPU.ActiveCfg = Debug|x64
		{37C59AC4-0AEA-42E9-B48C-84A97AEC11DB}.Debug|Any CPU.Build.0 = Debug|x64
		{37C59AC4-0AEA-42E9-B48C-84A97AEC11DB}.Debug|x64.ActiveCfg = Debug|x64
		{37C59AC4-0AEA-42E9-B48C-84A97AEC11DB}.Debug|x64.Build.0 = Debug|x64
		{37C59AC4-0AEA-42E9-B48C-84A97AEC11DB}.Debug|x86.ActiveCfg = Debug|Win32
		{37C59AC4-0AEA-42E9-B48C-84A97AEC11DB}.Debug|x86.Build.0 = Debug|Win32
		{37C59AC4-0AEA-42E9-B48C-84A97AEC11DB}.Release|Any CPU.ActiveCfg = Release|x64
		{37C59AC4-0AEA-42E9-B48C-84A97AEC11DB}.Release|Any CPU.Build.0 = Release|x64
		{37C59AC4-0AEA-42E9-B48C-84A97AEC11DB}.Release|x64.ActiveCfg = Release|x64
		{37C59AC4-0AEA-42E9-B48C-84A97AEC11DB}.Release|x64.Build.0 = Release|x64
		{37C59AC4-0AEA-42E9-B48C-84A97AEC11DB}.Release|x86.ActiveCfg = Release|Win32
		{37C59AC4-0AEA-42E9-B48C-84A97AEC11DB}.Release|x86.Build.0 = Release|Win32
		{956EF645-AE51-47D8-B610-D4378EE21612}.Debug|Any CPU.ActiveCfg = Debug|Any CPU
		{956EF645-AE51-47D8-B610-D4378EE21612}.Debug|Any CPU.Build.0 = Debug|Any CPU
		{956EF645-AE51-47D8-B610-D4378EE21612}.Debug|x64.ActiveCfg = Debug|Any CPU
		{956EF645-AE51-47D8-B610-D4378EE21612}.Debug|x64.Build.0 = Debug|Any CPU
		{956EF645-AE51-47D8-B610-D4378EE21612}.Debug|x86.ActiveCfg = Debug|Any CPU
		{956EF645-AE51-47D8-B610-D4378EE21612}.Debug|x86.Build.0 = Debug|Any CPU
		{956EF645-AE51-47D8-B610-D4378EE21612}.Release|Any CPU.ActiveCfg = Release|Any CPU
		{956EF645-AE51-47D8-B610-D4378EE21612}.Release|Any CPU.Build.0 = Release|Any CPU
		{956EF645-AE51-47D8-B610-D4378EE21612}.Release|x64.ActiveCfg = Release|Any CPU
		{956EF645-AE51-47D8-B610-D4378EE21612}.Release|x64.Build.0 = Release|Any CPU
		{956EF645-AE51-47D8-B610-D4378EE21612}.Release|x86.ActiveCfg = Release|Any CPU
		{956EF645-AE51-47D8-B610-D4378EE21612}.Release|x86.Build.0 = Release|Any CPU
		{02ADAEFE-7FA3-4B60-A9F1-D347883CDA16}.Debug|Any CPU.ActiveCfg = Debug|Any CPU
		{02ADAEFE-7FA3-4B60-A9F1-D347883CDA16}.Debug|Any CPU.Build.0 = Debug|Any CPU
		{02ADAEFE-7FA3-4B60-A9F1-D347883CDA16}.Debug|x64.ActiveCfg = Debug|Any CPU
		{02ADAEFE-7FA3-4B60-A9F1-D347883CDA16}.Debug|x64.Build.0 = Debug|Any CPU
		{02ADAEFE-7FA3-4B60-A9F1-D347883CDA16}.Debug|x86.ActiveCfg = Debug|Any CPU
		{02ADAEFE-7FA3-4B60-A9F1-D347883CDA16}.Debug|x86.Build.0 = Debug|Any CPU
		{02ADAEFE-7FA3-4B60-A9F1-D347883CDA16}.Release|Any CPU.ActiveCfg = Release|Any CPU
		{02ADAEFE-7FA3-4B60-A9F1-D347883CDA16}.Release|Any CPU.Build.0 = Release|Any CPU
		{02ADAEFE-7FA3-4B60-A9F1-D347883CDA16}.Release|x64.ActiveCfg = Release|Any CPU
		{02ADAEFE-7FA3-4B60-A9F1-D347883CDA16}.Release|x64.Build.0 = Release|Any CPU
		{02ADAEFE-7FA3-4B60-A9F1-D347883CDA16}.Release|x86.ActiveCfg = Release|Any CPU
		{02ADAEFE-7FA3-4B60-A9F1-D347883CDA16}.Release|x86.Build.0 = Release|Any CPU
		{39202BD0-5DCD-41B8-9C05-D5BB47627A67}.Debug|Any CPU.ActiveCfg = Debug|Any CPU
		{39202BD0-5DCD-41B8-9C05-D5BB47627A67}.Debug|Any CPU.Build.0 = Debug|Any CPU
		{39202BD0-5DCD-41B8-9C05-D5BB47627A67}.Debug|x64.ActiveCfg = Debug|Any CPU
		{39202BD0-5DCD-41B8-9C05-D5BB47627A67}.Debug|x64.Build.0 = Debug|Any CPU
		{39202BD0-5DCD-41B8-9C05-D5BB47627A67}.Debug|x86.ActiveCfg = Debug|Any CPU
		{39202BD0-5DCD-41B8-9C05-D5BB47627A67}.Debug|x86.Build.0 = Debug|Any CPU
		{39202BD0-5DCD-41B8-9C05-D5BB47627A67}.Release|Any CPU.ActiveCfg = Release|Any CPU
		{39202BD0-5DCD-41B8-9C05-D5BB47627A67}.Release|Any CPU.Build.0 = Release|Any CPU
		{39202BD0-5DCD-41B8-9C05-D5BB47627A67}.Release|x64.ActiveCfg = Release|Any CPU
		{39202BD0-5DCD-41B8-9C05-D5BB47627A67}.Release|x64.Build.0 = Release|Any CPU
		{39202BD0-5DCD-41B8-9C05-D5BB47627A67}.Release|x86.ActiveCfg = Release|Any CPU
		{39202BD0-5DCD-41B8-9C05-D5BB47627A67}.Release|x86.Build.0 = Release|Any CPU
		{729AAE9B-455B-42FF-95DC-A45E14010340}.Debug|Any CPU.ActiveCfg = Debug|Any CPU
		{729AAE9B-455B-42FF-95DC-A45E14010340}.Debug|Any CPU.Build.0 = Debug|Any CPU
		{729AAE9B-455B-42FF-95DC-A45E14010340}.Debug|x64.ActiveCfg = Debug|Any CPU
		{729AAE9B-455B-42FF-95DC-A45E14010340}.Debug|x64.Build.0 = Debug|Any CPU
		{729AAE9B-455B-42FF-95DC-A45E14010340}.Debug|x86.ActiveCfg = Debug|Any CPU
		{729AAE9B-455B-42FF-95DC-A45E14010340}.Debug|x86.Build.0 = Debug|Any CPU
		{729AAE9B-455B-42FF-95DC-A45E14010340}.Release|Any CPU.ActiveCfg = Release|Any CPU
		{729AAE9B-455B-42FF-95DC-A45E14010340}.Release|Any CPU.Build.0 = Release|Any CPU
		{729AAE9B-455B-42FF-95DC-A45E14010340}.Release|x64.ActiveCfg = Release|Any CPU
		{729AAE9B-455B-42FF-95DC-A45E14010340}.Release|x64.Build.0 = Release|Any CPU
		{729AAE9B-455B-42FF-95DC-A45E14010340}.Release|x86.ActiveCfg = Release|Any CPU
		{729AAE9B-455B-42FF-95DC-A45E14010340}.Release|x86.Build.0 = Release|Any CPU
		{2EBD9FA6-590E-43B8-A492-3D2D384EDD6A}.Debug|Any CPU.ActiveCfg = Debug|Any CPU
		{2EBD9FA6-590E-43B8-A492-3D2D384EDD6A}.Debug|Any CPU.Build.0 = Debug|Any CPU
		{2EBD9FA6-590E-43B8-A492-3D2D384EDD6A}.Debug|x64.ActiveCfg = Debug|Any CPU
		{2EBD9FA6-590E-43B8-A492-3D2D384EDD6A}.Debug|x64.Build.0 = Debug|Any CPU
		{2EBD9FA6-590E-43B8-A492-3D2D384EDD6A}.Debug|x86.ActiveCfg = Debug|Any CPU
		{2EBD9FA6-590E-43B8-A492-3D2D384EDD6A}.Debug|x86.Build.0 = Debug|Any CPU
		{2EBD9FA6-590E-43B8-A492-3D2D384EDD6A}.Release|Any CPU.ActiveCfg = Release|Any CPU
		{2EBD9FA6-590E-43B8-A492-3D2D384EDD6A}.Release|Any CPU.Build.0 = Release|Any CPU
		{2EBD9FA6-590E-43B8-A492-3D2D384EDD6A}.Release|x64.ActiveCfg = Release|Any CPU
		{2EBD9FA6-590E-43B8-A492-3D2D384EDD6A}.Release|x64.Build.0 = Release|Any CPU
		{2EBD9FA6-590E-43B8-A492-3D2D384EDD6A}.Release|x86.ActiveCfg = Release|Any CPU
		{2EBD9FA6-590E-43B8-A492-3D2D384EDD6A}.Release|x86.Build.0 = Release|Any CPU
		{03292E5D-40EC-4553-AB22-27A3AADC0025}.Debug|Any CPU.ActiveCfg = Debug|Any CPU
		{03292E5D-40EC-4553-AB22-27A3AADC0025}.Debug|Any CPU.Build.0 = Debug|Any CPU
		{03292E5D-40EC-4553-AB22-27A3AADC0025}.Debug|x64.ActiveCfg = Debug|Any CPU
		{03292E5D-40EC-4553-AB22-27A3AADC0025}.Debug|x64.Build.0 = Debug|Any CPU
		{03292E5D-40EC-4553-AB22-27A3AADC0025}.Debug|x86.ActiveCfg = Debug|Any CPU
		{03292E5D-40EC-4553-AB22-27A3AADC0025}.Debug|x86.Build.0 = Debug|Any CPU
		{03292E5D-40EC-4553-AB22-27A3AADC0025}.Release|Any CPU.ActiveCfg = Release|Any CPU
		{03292E5D-40EC-4553-AB22-27A3AADC0025}.Release|Any CPU.Build.0 = Release|Any CPU
		{03292E5D-40EC-4553-AB22-27A3AADC0025}.Release|x64.ActiveCfg = Release|Any CPU
		{03292E5D-40EC-4553-AB22-27A3AADC0025}.Release|x64.Build.0 = Release|Any CPU
		{03292E5D-40EC-4553-AB22-27A3AADC0025}.Release|x86.ActiveCfg = Release|Any CPU
		{03292E5D-40EC-4553-AB22-27A3AADC0025}.Release|x86.Build.0 = Release|Any CPU
		{93FEACFC-0F0D-46ED-9E34-B008F070A79E}.Debug|Any CPU.ActiveCfg = Debug|Any CPU
		{93FEACFC-0F0D-46ED-9E34-B008F070A79E}.Debug|Any CPU.Build.0 = Debug|Any CPU
		{93FEACFC-0F0D-46ED-9E34-B008F070A79E}.Debug|x64.ActiveCfg = Debug|Any CPU
		{93FEACFC-0F0D-46ED-9E34-B008F070A79E}.Debug|x64.Build.0 = Debug|Any CPU
		{93FEACFC-0F0D-46ED-9E34-B008F070A79E}.Debug|x86.ActiveCfg = Debug|Any CPU
		{93FEACFC-0F0D-46ED-9E34-B008F070A79E}.Debug|x86.Build.0 = Debug|Any CPU
		{93FEACFC-0F0D-46ED-9E34-B008F070A79E}.Release|Any CPU.ActiveCfg = Release|Any CPU
		{93FEACFC-0F0D-46ED-9E34-B008F070A79E}.Release|Any CPU.Build.0 = Release|Any CPU
		{93FEACFC-0F0D-46ED-9E34-B008F070A79E}.Release|x64.ActiveCfg = Release|Any CPU
		{93FEACFC-0F0D-46ED-9E34-B008F070A79E}.Release|x64.Build.0 = Release|Any CPU
		{93FEACFC-0F0D-46ED-9E34-B008F070A79E}.Release|x86.ActiveCfg = Release|Any CPU
		{93FEACFC-0F0D-46ED-9E34-B008F070A79E}.Release|x86.Build.0 = Release|Any CPU
		{0EDC5A1B-AD11-4CCA-81BF-3F8CA572374D}.Debug|Any CPU.ActiveCfg = Debug|Any CPU
		{0EDC5A1B-AD11-4CCA-81BF-3F8CA572374D}.Debug|Any CPU.Build.0 = Debug|Any CPU
		{0EDC5A1B-AD11-4CCA-81BF-3F8CA572374D}.Debug|x64.ActiveCfg = Debug|Any CPU
		{0EDC5A1B-AD11-4CCA-81BF-3F8CA572374D}.Debug|x64.Build.0 = Debug|Any CPU
		{0EDC5A1B-AD11-4CCA-81BF-3F8CA572374D}.Debug|x86.ActiveCfg = Debug|Any CPU
		{0EDC5A1B-AD11-4CCA-81BF-3F8CA572374D}.Debug|x86.Build.0 = Debug|Any CPU
		{0EDC5A1B-AD11-4CCA-81BF-3F8CA572374D}.Release|Any CPU.ActiveCfg = Release|Any CPU
		{0EDC5A1B-AD11-4CCA-81BF-3F8CA572374D}.Release|Any CPU.Build.0 = Release|Any CPU
		{0EDC5A1B-AD11-4CCA-81BF-3F8CA572374D}.Release|x64.ActiveCfg = Release|Any CPU
		{0EDC5A1B-AD11-4CCA-81BF-3F8CA572374D}.Release|x64.Build.0 = Release|Any CPU
		{0EDC5A1B-AD11-4CCA-81BF-3F8CA572374D}.Release|x86.ActiveCfg = Release|Any CPU
		{0EDC5A1B-AD11-4CCA-81BF-3F8CA572374D}.Release|x86.Build.0 = Release|Any CPU
		{F12FF759-C13F-4A9F-A101-41F7DE45CE6B}.Debug|Any CPU.ActiveCfg = Debug|Any CPU
		{F12FF759-C13F-4A9F-A101-41F7DE45CE6B}.Debug|Any CPU.Build.0 = Debug|Any CPU
		{F12FF759-C13F-4A9F-A101-41F7DE45CE6B}.Debug|x64.ActiveCfg = Debug|Any CPU
		{F12FF759-C13F-4A9F-A101-41F7DE45CE6B}.Debug|x64.Build.0 = Debug|Any CPU
		{F12FF759-C13F-4A9F-A101-41F7DE45CE6B}.Debug|x86.ActiveCfg = Debug|Any CPU
		{F12FF759-C13F-4A9F-A101-41F7DE45CE6B}.Debug|x86.Build.0 = Debug|Any CPU
		{F12FF759-C13F-4A9F-A101-41F7DE45CE6B}.Release|Any CPU.ActiveCfg = Release|Any CPU
		{F12FF759-C13F-4A9F-A101-41F7DE45CE6B}.Release|Any CPU.Build.0 = Release|Any CPU
		{F12FF759-C13F-4A9F-A101-41F7DE45CE6B}.Release|x64.ActiveCfg = Release|Any CPU
		{F12FF759-C13F-4A9F-A101-41F7DE45CE6B}.Release|x64.Build.0 = Release|Any CPU
		{F12FF759-C13F-4A9F-A101-41F7DE45CE6B}.Release|x86.ActiveCfg = Release|Any CPU
		{F12FF759-C13F-4A9F-A101-41F7DE45CE6B}.Release|x86.Build.0 = Release|Any CPU
		{AFE7C249-4BF5-4E0D-899A-D4BB5E554AEB}.Debug|Any CPU.ActiveCfg = Debug|Any CPU
		{AFE7C249-4BF5-4E0D-899A-D4BB5E554AEB}.Debug|Any CPU.Build.0 = Debug|Any CPU
		{AFE7C249-4BF5-4E0D-899A-D4BB5E554AEB}.Debug|x64.ActiveCfg = Debug|Any CPU
		{AFE7C249-4BF5-4E0D-899A-D4BB5E554AEB}.Debug|x64.Build.0 = Debug|Any CPU
		{AFE7C249-4BF5-4E0D-899A-D4BB5E554AEB}.Debug|x86.ActiveCfg = Debug|Any CPU
		{AFE7C249-4BF5-4E0D-899A-D4BB5E554AEB}.Debug|x86.Build.0 = Debug|Any CPU
		{AFE7C249-4BF5-4E0D-899A-D4BB5E554AEB}.Release|Any CPU.ActiveCfg = Release|Any CPU
		{AFE7C249-4BF5-4E0D-899A-D4BB5E554AEB}.Release|Any CPU.Build.0 = Release|Any CPU
		{AFE7C249-4BF5-4E0D-899A-D4BB5E554AEB}.Release|x64.ActiveCfg = Release|Any CPU
		{AFE7C249-4BF5-4E0D-899A-D4BB5E554AEB}.Release|x64.Build.0 = Release|Any CPU
		{AFE7C249-4BF5-4E0D-899A-D4BB5E554AEB}.Release|x86.ActiveCfg = Release|Any CPU
		{AFE7C249-4BF5-4E0D-899A-D4BB5E554AEB}.Release|x86.Build.0 = Release|Any CPU
		{A1D4988B-0332-4AE8-B72A-C7BCFA7C2DF8}.Debug|Any CPU.ActiveCfg = Debug|Any CPU
		{A1D4988B-0332-4AE8-B72A-C7BCFA7C2DF8}.Debug|Any CPU.Build.0 = Debug|Any CPU
		{A1D4988B-0332-4AE8-B72A-C7BCFA7C2DF8}.Debug|x64.ActiveCfg = Debug|Any CPU
		{A1D4988B-0332-4AE8-B72A-C7BCFA7C2DF8}.Debug|x64.Build.0 = Debug|Any CPU
		{A1D4988B-0332-4AE8-B72A-C7BCFA7C2DF8}.Debug|x86.ActiveCfg = Debug|Any CPU
		{A1D4988B-0332-4AE8-B72A-C7BCFA7C2DF8}.Debug|x86.Build.0 = Debug|Any CPU
		{A1D4988B-0332-4AE8-B72A-C7BCFA7C2DF8}.Release|Any CPU.ActiveCfg = Release|Any CPU
		{A1D4988B-0332-4AE8-B72A-C7BCFA7C2DF8}.Release|Any CPU.Build.0 = Release|Any CPU
		{A1D4988B-0332-4AE8-B72A-C7BCFA7C2DF8}.Release|x64.ActiveCfg = Release|Any CPU
		{A1D4988B-0332-4AE8-B72A-C7BCFA7C2DF8}.Release|x64.Build.0 = Release|Any CPU
		{A1D4988B-0332-4AE8-B72A-C7BCFA7C2DF8}.Release|x86.ActiveCfg = Release|Any CPU
		{A1D4988B-0332-4AE8-B72A-C7BCFA7C2DF8}.Release|x86.Build.0 = Release|Any CPU
		{04CB935D-26C3-4F45-9C42-17C629B1DF2B}.Debug|Any CPU.ActiveCfg = Debug|Any CPU
		{04CB935D-26C3-4F45-9C42-17C629B1DF2B}.Debug|Any CPU.Build.0 = Debug|Any CPU
		{04CB935D-26C3-4F45-9C42-17C629B1DF2B}.Debug|x64.ActiveCfg = Debug|Any CPU
		{04CB935D-26C3-4F45-9C42-17C629B1DF2B}.Debug|x64.Build.0 = Debug|Any CPU
		{04CB935D-26C3-4F45-9C42-17C629B1DF2B}.Debug|x86.ActiveCfg = Debug|Any CPU
		{04CB935D-26C3-4F45-9C42-17C629B1DF2B}.Debug|x86.Build.0 = Debug|Any CPU
		{04CB935D-26C3-4F45-9C42-17C629B1DF2B}.Release|Any CPU.ActiveCfg = Release|Any CPU
		{04CB935D-26C3-4F45-9C42-17C629B1DF2B}.Release|Any CPU.Build.0 = Release|Any CPU
		{04CB935D-26C3-4F45-9C42-17C629B1DF2B}.Release|x64.ActiveCfg = Release|Any CPU
		{04CB935D-26C3-4F45-9C42-17C629B1DF2B}.Release|x64.Build.0 = Release|Any CPU
		{04CB935D-26C3-4F45-9C42-17C629B1DF2B}.Release|x86.ActiveCfg = Release|Any CPU
		{04CB935D-26C3-4F45-9C42-17C629B1DF2B}.Release|x86.Build.0 = Release|Any CPU
		{BD2326A7-4E99-4DCC-9B54-DA5427989ABF}.Debug|Any CPU.ActiveCfg = Debug|Any CPU
		{BD2326A7-4E99-4DCC-9B54-DA5427989ABF}.Debug|Any CPU.Build.0 = Debug|Any CPU
		{BD2326A7-4E99-4DCC-9B54-DA5427989ABF}.Debug|x64.ActiveCfg = Debug|Any CPU
		{BD2326A7-4E99-4DCC-9B54-DA5427989ABF}.Debug|x64.Build.0 = Debug|Any CPU
		{BD2326A7-4E99-4DCC-9B54-DA5427989ABF}.Debug|x86.ActiveCfg = Debug|Any CPU
		{BD2326A7-4E99-4DCC-9B54-DA5427989ABF}.Debug|x86.Build.0 = Debug|Any CPU
		{BD2326A7-4E99-4DCC-9B54-DA5427989ABF}.Release|Any CPU.ActiveCfg = Release|Any CPU
		{BD2326A7-4E99-4DCC-9B54-DA5427989ABF}.Release|Any CPU.Build.0 = Release|Any CPU
		{BD2326A7-4E99-4DCC-9B54-DA5427989ABF}.Release|x64.ActiveCfg = Release|Any CPU
		{BD2326A7-4E99-4DCC-9B54-DA5427989ABF}.Release|x64.Build.0 = Release|Any CPU
		{BD2326A7-4E99-4DCC-9B54-DA5427989ABF}.Release|x86.ActiveCfg = Release|Any CPU
		{BD2326A7-4E99-4DCC-9B54-DA5427989ABF}.Release|x86.Build.0 = Release|Any CPU
		{16757632-8E0D-4A8F-924D-30B7204C2D5D}.Debug|Any CPU.ActiveCfg = Debug|Any CPU
		{16757632-8E0D-4A8F-924D-30B7204C2D5D}.Debug|Any CPU.Build.0 = Debug|Any CPU
		{16757632-8E0D-4A8F-924D-30B7204C2D5D}.Debug|x64.ActiveCfg = Debug|Any CPU
		{16757632-8E0D-4A8F-924D-30B7204C2D5D}.Debug|x64.Build.0 = Debug|Any CPU
		{16757632-8E0D-4A8F-924D-30B7204C2D5D}.Debug|x86.ActiveCfg = Debug|Any CPU
		{16757632-8E0D-4A8F-924D-30B7204C2D5D}.Debug|x86.Build.0 = Debug|Any CPU
		{16757632-8E0D-4A8F-924D-30B7204C2D5D}.Release|Any CPU.ActiveCfg = Release|Any CPU
		{16757632-8E0D-4A8F-924D-30B7204C2D5D}.Release|Any CPU.Build.0 = Release|Any CPU
		{16757632-8E0D-4A8F-924D-30B7204C2D5D}.Release|x64.ActiveCfg = Release|Any CPU
		{16757632-8E0D-4A8F-924D-30B7204C2D5D}.Release|x64.Build.0 = Release|Any CPU
		{16757632-8E0D-4A8F-924D-30B7204C2D5D}.Release|x86.ActiveCfg = Release|Any CPU
		{16757632-8E0D-4A8F-924D-30B7204C2D5D}.Release|x86.Build.0 = Release|Any CPU
		{E920902F-C7DB-4292-A4F5-3B6432E20735}.Debug|Any CPU.ActiveCfg = Debug|Any CPU
		{E920902F-C7DB-4292-A4F5-3B6432E20735}.Debug|Any CPU.Build.0 = Debug|Any CPU
		{E920902F-C7DB-4292-A4F5-3B6432E20735}.Debug|x64.ActiveCfg = Debug|Any CPU
		{E920902F-C7DB-4292-A4F5-3B6432E20735}.Debug|x64.Build.0 = Debug|Any CPU
		{E920902F-C7DB-4292-A4F5-3B6432E20735}.Debug|x86.ActiveCfg = Debug|Any CPU
		{E920902F-C7DB-4292-A4F5-3B6432E20735}.Debug|x86.Build.0 = Debug|Any CPU
		{E920902F-C7DB-4292-A4F5-3B6432E20735}.Release|Any CPU.ActiveCfg = Release|Any CPU
		{E920902F-C7DB-4292-A4F5-3B6432E20735}.Release|Any CPU.Build.0 = Release|Any CPU
		{E920902F-C7DB-4292-A4F5-3B6432E20735}.Release|x64.ActiveCfg = Release|Any CPU
		{E920902F-C7DB-4292-A4F5-3B6432E20735}.Release|x64.Build.0 = Release|Any CPU
		{E920902F-C7DB-4292-A4F5-3B6432E20735}.Release|x86.ActiveCfg = Release|Any CPU
		{E920902F-C7DB-4292-A4F5-3B6432E20735}.Release|x86.Build.0 = Release|Any CPU
		{A8D694E6-8BC0-41FA-90A5-076F67142E14}.Debug|Any CPU.ActiveCfg = Debug|Any CPU
		{A8D694E6-8BC0-41FA-90A5-076F67142E14}.Debug|Any CPU.Build.0 = Debug|Any CPU
		{A8D694E6-8BC0-41FA-90A5-076F67142E14}.Debug|x64.ActiveCfg = Debug|Any CPU
		{A8D694E6-8BC0-41FA-90A5-076F67142E14}.Debug|x64.Build.0 = Debug|Any CPU
		{A8D694E6-8BC0-41FA-90A5-076F67142E14}.Debug|x86.ActiveCfg = Debug|Any CPU
		{A8D694E6-8BC0-41FA-90A5-076F67142E14}.Debug|x86.Build.0 = Debug|Any CPU
		{A8D694E6-8BC0-41FA-90A5-076F67142E14}.Release|Any CPU.ActiveCfg = Release|Any CPU
		{A8D694E6-8BC0-41FA-90A5-076F67142E14}.Release|Any CPU.Build.0 = Release|Any CPU
		{A8D694E6-8BC0-41FA-90A5-076F67142E14}.Release|x64.ActiveCfg = Release|Any CPU
		{A8D694E6-8BC0-41FA-90A5-076F67142E14}.Release|x64.Build.0 = Release|Any CPU
		{A8D694E6-8BC0-41FA-90A5-076F67142E14}.Release|x86.ActiveCfg = Release|Any CPU
		{A8D694E6-8BC0-41FA-90A5-076F67142E14}.Release|x86.Build.0 = Release|Any CPU
		{026A7842-AC12-4D17-AF27-8F38396D8CC9}.Debug|Any CPU.ActiveCfg = Debug|Any CPU
		{026A7842-AC12-4D17-AF27-8F38396D8CC9}.Debug|Any CPU.Build.0 = Debug|Any CPU
		{026A7842-AC12-4D17-AF27-8F38396D8CC9}.Debug|x64.ActiveCfg = Debug|Any CPU
		{026A7842-AC12-4D17-AF27-8F38396D8CC9}.Debug|x64.Build.0 = Debug|Any CPU
		{026A7842-AC12-4D17-AF27-8F38396D8CC9}.Debug|x86.ActiveCfg = Debug|Any CPU
		{026A7842-AC12-4D17-AF27-8F38396D8CC9}.Debug|x86.Build.0 = Debug|Any CPU
		{026A7842-AC12-4D17-AF27-8F38396D8CC9}.Release|Any CPU.ActiveCfg = Release|Any CPU
		{026A7842-AC12-4D17-AF27-8F38396D8CC9}.Release|Any CPU.Build.0 = Release|Any CPU
		{026A7842-AC12-4D17-AF27-8F38396D8CC9}.Release|x64.ActiveCfg = Release|Any CPU
		{026A7842-AC12-4D17-AF27-8F38396D8CC9}.Release|x64.Build.0 = Release|Any CPU
		{026A7842-AC12-4D17-AF27-8F38396D8CC9}.Release|x86.ActiveCfg = Release|Any CPU
		{026A7842-AC12-4D17-AF27-8F38396D8CC9}.Release|x86.Build.0 = Release|Any CPU
		{D1C0A948-B5FA-4893-B738-16EB581852D0}.Debug|Any CPU.ActiveCfg = Debug|Any CPU
		{D1C0A948-B5FA-4893-B738-16EB581852D0}.Debug|Any CPU.Build.0 = Debug|Any CPU
		{D1C0A948-B5FA-4893-B738-16EB581852D0}.Debug|x64.ActiveCfg = Debug|Any CPU
		{D1C0A948-B5FA-4893-B738-16EB581852D0}.Debug|x64.Build.0 = Debug|Any CPU
		{D1C0A948-B5FA-4893-B738-16EB581852D0}.Debug|x86.ActiveCfg = Debug|Any CPU
		{D1C0A948-B5FA-4893-B738-16EB581852D0}.Debug|x86.Build.0 = Debug|Any CPU
		{D1C0A948-B5FA-4893-B738-16EB581852D0}.Release|Any CPU.ActiveCfg = Release|Any CPU
		{D1C0A948-B5FA-4893-B738-16EB581852D0}.Release|Any CPU.Build.0 = Release|Any CPU
		{D1C0A948-B5FA-4893-B738-16EB581852D0}.Release|x64.ActiveCfg = Release|Any CPU
		{D1C0A948-B5FA-4893-B738-16EB581852D0}.Release|x64.Build.0 = Release|Any CPU
		{D1C0A948-B5FA-4893-B738-16EB581852D0}.Release|x86.ActiveCfg = Release|Any CPU
		{D1C0A948-B5FA-4893-B738-16EB581852D0}.Release|x86.Build.0 = Release|Any CPU
		{1B64C874-ED49-4F11-A91A-69A85E73C04A}.Debug|Any CPU.ActiveCfg = Debug|Any CPU
		{1B64C874-ED49-4F11-A91A-69A85E73C04A}.Debug|Any CPU.Build.0 = Debug|Any CPU
		{1B64C874-ED49-4F11-A91A-69A85E73C04A}.Debug|x64.ActiveCfg = Debug|Any CPU
		{1B64C874-ED49-4F11-A91A-69A85E73C04A}.Debug|x64.Build.0 = Debug|Any CPU
		{1B64C874-ED49-4F11-A91A-69A85E73C04A}.Debug|x86.ActiveCfg = Debug|Any CPU
		{1B64C874-ED49-4F11-A91A-69A85E73C04A}.Debug|x86.Build.0 = Debug|Any CPU
		{1B64C874-ED49-4F11-A91A-69A85E73C04A}.Release|Any CPU.ActiveCfg = Release|Any CPU
		{1B64C874-ED49-4F11-A91A-69A85E73C04A}.Release|Any CPU.Build.0 = Release|Any CPU
		{1B64C874-ED49-4F11-A91A-69A85E73C04A}.Release|x64.ActiveCfg = Release|Any CPU
		{1B64C874-ED49-4F11-A91A-69A85E73C04A}.Release|x64.Build.0 = Release|Any CPU
		{1B64C874-ED49-4F11-A91A-69A85E73C04A}.Release|x86.ActiveCfg = Release|Any CPU
		{1B64C874-ED49-4F11-A91A-69A85E73C04A}.Release|x86.Build.0 = Release|Any CPU
		{21C1D734-815F-42F2-8130-64C4E792545D}.Debug|Any CPU.ActiveCfg = Debug|Any CPU
		{21C1D734-815F-42F2-8130-64C4E792545D}.Debug|Any CPU.Build.0 = Debug|Any CPU
		{21C1D734-815F-42F2-8130-64C4E792545D}.Debug|x64.ActiveCfg = Debug|Any CPU
		{21C1D734-815F-42F2-8130-64C4E792545D}.Debug|x64.Build.0 = Debug|Any CPU
		{21C1D734-815F-42F2-8130-64C4E792545D}.Debug|x86.ActiveCfg = Debug|Any CPU
		{21C1D734-815F-42F2-8130-64C4E792545D}.Debug|x86.Build.0 = Debug|Any CPU
		{21C1D734-815F-42F2-8130-64C4E792545D}.Release|Any CPU.ActiveCfg = Release|Any CPU
		{21C1D734-815F-42F2-8130-64C4E792545D}.Release|Any CPU.Build.0 = Release|Any CPU
		{21C1D734-815F-42F2-8130-64C4E792545D}.Release|x64.ActiveCfg = Release|Any CPU
		{21C1D734-815F-42F2-8130-64C4E792545D}.Release|x64.Build.0 = Release|Any CPU
		{21C1D734-815F-42F2-8130-64C4E792545D}.Release|x86.ActiveCfg = Release|Any CPU
		{21C1D734-815F-42F2-8130-64C4E792545D}.Release|x86.Build.0 = Release|Any CPU
		{CC600A26-4C93-404E-A494-1583E3AAD2E0}.Debug|Any CPU.ActiveCfg = Debug|Any CPU
		{CC600A26-4C93-404E-A494-1583E3AAD2E0}.Debug|Any CPU.Build.0 = Debug|Any CPU
		{CC600A26-4C93-404E-A494-1583E3AAD2E0}.Debug|x64.ActiveCfg = Debug|Any CPU
		{CC600A26-4C93-404E-A494-1583E3AAD2E0}.Debug|x64.Build.0 = Debug|Any CPU
		{CC600A26-4C93-404E-A494-1583E3AAD2E0}.Debug|x86.ActiveCfg = Debug|Any CPU
		{CC600A26-4C93-404E-A494-1583E3AAD2E0}.Debug|x86.Build.0 = Debug|Any CPU
		{CC600A26-4C93-404E-A494-1583E3AAD2E0}.Release|Any CPU.ActiveCfg = Release|Any CPU
		{CC600A26-4C93-404E-A494-1583E3AAD2E0}.Release|Any CPU.Build.0 = Release|Any CPU
		{CC600A26-4C93-404E-A494-1583E3AAD2E0}.Release|x64.ActiveCfg = Release|Any CPU
		{CC600A26-4C93-404E-A494-1583E3AAD2E0}.Release|x64.Build.0 = Release|Any CPU
		{CC600A26-4C93-404E-A494-1583E3AAD2E0}.Release|x86.ActiveCfg = Release|Any CPU
		{CC600A26-4C93-404E-A494-1583E3AAD2E0}.Release|x86.Build.0 = Release|Any CPU
		{D8F9080A-FA1A-4310-B931-AE2F6C243010}.Debug|Any CPU.ActiveCfg = Debug|Any CPU
		{D8F9080A-FA1A-4310-B931-AE2F6C243010}.Debug|Any CPU.Build.0 = Debug|Any CPU
		{D8F9080A-FA1A-4310-B931-AE2F6C243010}.Debug|x64.ActiveCfg = Debug|Any CPU
		{D8F9080A-FA1A-4310-B931-AE2F6C243010}.Debug|x64.Build.0 = Debug|Any CPU
		{D8F9080A-FA1A-4310-B931-AE2F6C243010}.Debug|x86.ActiveCfg = Debug|Any CPU
		{D8F9080A-FA1A-4310-B931-AE2F6C243010}.Debug|x86.Build.0 = Debug|Any CPU
		{D8F9080A-FA1A-4310-B931-AE2F6C243010}.Release|Any CPU.ActiveCfg = Release|Any CPU
		{D8F9080A-FA1A-4310-B931-AE2F6C243010}.Release|Any CPU.Build.0 = Release|Any CPU
		{D8F9080A-FA1A-4310-B931-AE2F6C243010}.Release|x64.ActiveCfg = Release|Any CPU
		{D8F9080A-FA1A-4310-B931-AE2F6C243010}.Release|x64.Build.0 = Release|Any CPU
		{D8F9080A-FA1A-4310-B931-AE2F6C243010}.Release|x86.ActiveCfg = Release|Any CPU
		{D8F9080A-FA1A-4310-B931-AE2F6C243010}.Release|x86.Build.0 = Release|Any CPU
		{F80C7435-062B-452B-9D2F-9FF88D84D494}.Debug|Any CPU.ActiveCfg = Debug|Any CPU
		{F80C7435-062B-452B-9D2F-9FF88D84D494}.Debug|Any CPU.Build.0 = Debug|Any CPU
		{F80C7435-062B-452B-9D2F-9FF88D84D494}.Debug|x64.ActiveCfg = Debug|Any CPU
		{F80C7435-062B-452B-9D2F-9FF88D84D494}.Debug|x64.Build.0 = Debug|Any CPU
		{F80C7435-062B-452B-9D2F-9FF88D84D494}.Debug|x86.ActiveCfg = Debug|Any CPU
		{F80C7435-062B-452B-9D2F-9FF88D84D494}.Debug|x86.Build.0 = Debug|Any CPU
		{F80C7435-062B-452B-9D2F-9FF88D84D494}.Release|Any CPU.ActiveCfg = Release|Any CPU
		{F80C7435-062B-452B-9D2F-9FF88D84D494}.Release|Any CPU.Build.0 = Release|Any CPU
		{F80C7435-062B-452B-9D2F-9FF88D84D494}.Release|x64.ActiveCfg = Release|Any CPU
		{F80C7435-062B-452B-9D2F-9FF88D84D494}.Release|x64.Build.0 = Release|Any CPU
		{F80C7435-062B-452B-9D2F-9FF88D84D494}.Release|x86.ActiveCfg = Release|Any CPU
		{F80C7435-062B-452B-9D2F-9FF88D84D494}.Release|x86.Build.0 = Release|Any CPU
		{CD6598D6-1822-4E99-A788-C4A95F54641F}.Debug|Any CPU.ActiveCfg = Debug|Any CPU
		{CD6598D6-1822-4E99-A788-C4A95F54641F}.Debug|Any CPU.Build.0 = Debug|Any CPU
		{CD6598D6-1822-4E99-A788-C4A95F54641F}.Debug|x64.ActiveCfg = Debug|Any CPU
		{CD6598D6-1822-4E99-A788-C4A95F54641F}.Debug|x64.Build.0 = Debug|Any CPU
		{CD6598D6-1822-4E99-A788-C4A95F54641F}.Debug|x86.ActiveCfg = Debug|Any CPU
		{CD6598D6-1822-4E99-A788-C4A95F54641F}.Debug|x86.Build.0 = Debug|Any CPU
		{CD6598D6-1822-4E99-A788-C4A95F54641F}.Release|Any CPU.ActiveCfg = Release|Any CPU
		{CD6598D6-1822-4E99-A788-C4A95F54641F}.Release|Any CPU.Build.0 = Release|Any CPU
		{CD6598D6-1822-4E99-A788-C4A95F54641F}.Release|x64.ActiveCfg = Release|Any CPU
		{CD6598D6-1822-4E99-A788-C4A95F54641F}.Release|x64.Build.0 = Release|Any CPU
		{CD6598D6-1822-4E99-A788-C4A95F54641F}.Release|x86.ActiveCfg = Release|Any CPU
		{CD6598D6-1822-4E99-A788-C4A95F54641F}.Release|x86.Build.0 = Release|Any CPU
		{47AE6B8B-86F5-447A-ACD8-FFAC495998A8}.Debug|Any CPU.ActiveCfg = Debug|Any CPU
		{47AE6B8B-86F5-447A-ACD8-FFAC495998A8}.Debug|Any CPU.Build.0 = Debug|Any CPU
		{47AE6B8B-86F5-447A-ACD8-FFAC495998A8}.Debug|x64.ActiveCfg = Debug|Any CPU
		{47AE6B8B-86F5-447A-ACD8-FFAC495998A8}.Debug|x64.Build.0 = Debug|Any CPU
		{47AE6B8B-86F5-447A-ACD8-FFAC495998A8}.Debug|x86.ActiveCfg = Debug|Any CPU
		{47AE6B8B-86F5-447A-ACD8-FFAC495998A8}.Debug|x86.Build.0 = Debug|Any CPU
		{47AE6B8B-86F5-447A-ACD8-FFAC495998A8}.Release|Any CPU.ActiveCfg = Release|Any CPU
		{47AE6B8B-86F5-447A-ACD8-FFAC495998A8}.Release|Any CPU.Build.0 = Release|Any CPU
		{47AE6B8B-86F5-447A-ACD8-FFAC495998A8}.Release|x64.ActiveCfg = Release|Any CPU
		{47AE6B8B-86F5-447A-ACD8-FFAC495998A8}.Release|x64.Build.0 = Release|Any CPU
		{47AE6B8B-86F5-447A-ACD8-FFAC495998A8}.Release|x86.ActiveCfg = Release|Any CPU
		{47AE6B8B-86F5-447A-ACD8-FFAC495998A8}.Release|x86.Build.0 = Release|Any CPU
		{E84EDDE5-8C50-4D45-BD00-6F285B7B33E2}.Debug|Any CPU.ActiveCfg = Debug|Any CPU
		{E84EDDE5-8C50-4D45-BD00-6F285B7B33E2}.Debug|Any CPU.Build.0 = Debug|Any CPU
		{E84EDDE5-8C50-4D45-BD00-6F285B7B33E2}.Debug|x64.ActiveCfg = Debug|Any CPU
		{E84EDDE5-8C50-4D45-BD00-6F285B7B33E2}.Debug|x64.Build.0 = Debug|Any CPU
		{E84EDDE5-8C50-4D45-BD00-6F285B7B33E2}.Debug|x86.ActiveCfg = Debug|Any CPU
		{E84EDDE5-8C50-4D45-BD00-6F285B7B33E2}.Debug|x86.Build.0 = Debug|Any CPU
		{E84EDDE5-8C50-4D45-BD00-6F285B7B33E2}.Release|Any CPU.ActiveCfg = Release|Any CPU
		{E84EDDE5-8C50-4D45-BD00-6F285B7B33E2}.Release|Any CPU.Build.0 = Release|Any CPU
		{E84EDDE5-8C50-4D45-BD00-6F285B7B33E2}.Release|x64.ActiveCfg = Release|Any CPU
		{E84EDDE5-8C50-4D45-BD00-6F285B7B33E2}.Release|x64.Build.0 = Release|Any CPU
		{E84EDDE5-8C50-4D45-BD00-6F285B7B33E2}.Release|x86.ActiveCfg = Release|Any CPU
		{E84EDDE5-8C50-4D45-BD00-6F285B7B33E2}.Release|x86.Build.0 = Release|Any CPU
		{F93440C2-9A53-4620-A6F7-95742B98C7DF}.Debug|Any CPU.ActiveCfg = Debug|Any CPU
		{F93440C2-9A53-4620-A6F7-95742B98C7DF}.Debug|Any CPU.Build.0 = Debug|Any CPU
		{F93440C2-9A53-4620-A6F7-95742B98C7DF}.Debug|x64.ActiveCfg = Debug|Any CPU
		{F93440C2-9A53-4620-A6F7-95742B98C7DF}.Debug|x64.Build.0 = Debug|Any CPU
		{F93440C2-9A53-4620-A6F7-95742B98C7DF}.Debug|x86.ActiveCfg = Debug|Any CPU
		{F93440C2-9A53-4620-A6F7-95742B98C7DF}.Debug|x86.Build.0 = Debug|Any CPU
		{F93440C2-9A53-4620-A6F7-95742B98C7DF}.Release|Any CPU.ActiveCfg = Release|Any CPU
		{F93440C2-9A53-4620-A6F7-95742B98C7DF}.Release|Any CPU.Build.0 = Release|Any CPU
		{F93440C2-9A53-4620-A6F7-95742B98C7DF}.Release|x64.ActiveCfg = Release|Any CPU
		{F93440C2-9A53-4620-A6F7-95742B98C7DF}.Release|x64.Build.0 = Release|Any CPU
		{F93440C2-9A53-4620-A6F7-95742B98C7DF}.Release|x86.ActiveCfg = Release|Any CPU
		{F93440C2-9A53-4620-A6F7-95742B98C7DF}.Release|x86.Build.0 = Release|Any CPU
		{2E829FFC-BADB-4680-A15A-CC49B9645396}.Debug|Any CPU.ActiveCfg = Debug|Any CPU
		{2E829FFC-BADB-4680-A15A-CC49B9645396}.Debug|Any CPU.Build.0 = Debug|Any CPU
		{2E829FFC-BADB-4680-A15A-CC49B9645396}.Debug|x64.ActiveCfg = Debug|Any CPU
		{2E829FFC-BADB-4680-A15A-CC49B9645396}.Debug|x64.Build.0 = Debug|Any CPU
		{2E829FFC-BADB-4680-A15A-CC49B9645396}.Debug|x86.ActiveCfg = Debug|Any CPU
		{2E829FFC-BADB-4680-A15A-CC49B9645396}.Debug|x86.Build.0 = Debug|Any CPU
		{2E829FFC-BADB-4680-A15A-CC49B9645396}.Release|Any CPU.ActiveCfg = Release|Any CPU
		{2E829FFC-BADB-4680-A15A-CC49B9645396}.Release|Any CPU.Build.0 = Release|Any CPU
		{2E829FFC-BADB-4680-A15A-CC49B9645396}.Release|x64.ActiveCfg = Release|Any CPU
		{2E829FFC-BADB-4680-A15A-CC49B9645396}.Release|x64.Build.0 = Release|Any CPU
		{2E829FFC-BADB-4680-A15A-CC49B9645396}.Release|x86.ActiveCfg = Release|Any CPU
		{2E829FFC-BADB-4680-A15A-CC49B9645396}.Release|x86.Build.0 = Release|Any CPU
		{89E88F03-807A-4823-990C-8E9793218A6B}.Debug|Any CPU.ActiveCfg = Debug|Any CPU
		{89E88F03-807A-4823-990C-8E9793218A6B}.Debug|Any CPU.Build.0 = Debug|Any CPU
		{89E88F03-807A-4823-990C-8E9793218A6B}.Debug|x64.ActiveCfg = Debug|Any CPU
		{89E88F03-807A-4823-990C-8E9793218A6B}.Debug|x64.Build.0 = Debug|Any CPU
		{89E88F03-807A-4823-990C-8E9793218A6B}.Debug|x86.ActiveCfg = Debug|Any CPU
		{89E88F03-807A-4823-990C-8E9793218A6B}.Debug|x86.Build.0 = Debug|Any CPU
		{89E88F03-807A-4823-990C-8E9793218A6B}.Release|Any CPU.ActiveCfg = Release|Any CPU
		{89E88F03-807A-4823-990C-8E9793218A6B}.Release|Any CPU.Build.0 = Release|Any CPU
		{89E88F03-807A-4823-990C-8E9793218A6B}.Release|x64.ActiveCfg = Release|Any CPU
		{89E88F03-807A-4823-990C-8E9793218A6B}.Release|x64.Build.0 = Release|Any CPU
		{89E88F03-807A-4823-990C-8E9793218A6B}.Release|x86.ActiveCfg = Release|Any CPU
		{89E88F03-807A-4823-990C-8E9793218A6B}.Release|x86.Build.0 = Release|Any CPU
		{03618FCA-99D8-46D7-9555-2599E225C041}.Debug|Any CPU.ActiveCfg = Debug|Any CPU
		{03618FCA-99D8-46D7-9555-2599E225C041}.Debug|Any CPU.Build.0 = Debug|Any CPU
		{03618FCA-99D8-46D7-9555-2599E225C041}.Debug|x64.ActiveCfg = Debug|Any CPU
		{03618FCA-99D8-46D7-9555-2599E225C041}.Debug|x64.Build.0 = Debug|Any CPU
		{03618FCA-99D8-46D7-9555-2599E225C041}.Debug|x86.ActiveCfg = Debug|Any CPU
		{03618FCA-99D8-46D7-9555-2599E225C041}.Debug|x86.Build.0 = Debug|Any CPU
		{03618FCA-99D8-46D7-9555-2599E225C041}.Release|Any CPU.ActiveCfg = Release|Any CPU
		{03618FCA-99D8-46D7-9555-2599E225C041}.Release|Any CPU.Build.0 = Release|Any CPU
		{03618FCA-99D8-46D7-9555-2599E225C041}.Release|x64.ActiveCfg = Release|Any CPU
		{03618FCA-99D8-46D7-9555-2599E225C041}.Release|x64.Build.0 = Release|Any CPU
		{03618FCA-99D8-46D7-9555-2599E225C041}.Release|x86.ActiveCfg = Release|Any CPU
		{03618FCA-99D8-46D7-9555-2599E225C041}.Release|x86.Build.0 = Release|Any CPU
	EndGlobalSection
	GlobalSection(SolutionProperties) = preSolution
		HideSolutionNode = FALSE
	EndGlobalSection
EndGlobal
